
Microsoft Visual Studio Solution File, Format Version 12.00
# Visual Studio 15
Project("{FAE04EC0-301F-11D3-BF4B-00C04F79EFBC}") = "Assembly-CSharp-firstpass", "Assembly-CSharp-firstpass.csproj", "{D1646637-F0C4-ACBB-C2A3-AA941EE37AFE}"
EndProject
Project("{FAE04EC0-301F-11D3-BF4B-00C04F79EFBC}") = "Assembly-CSharp", "Assembly-CSharp.csproj", "{1B83691D-0211-9455-095C-17E5D4C80EB4}"
EndProject
Project("{FAE04EC0-301F-11D3-BF4B-00C04F79EFBC}") = "Assembly-CSharp-Editor-firstpass", "Assembly-CSharp-Editor-firstpass.csproj", "{B96DC4B8-537E-1C17-D2B7-37B9FDEAB6AB}"
EndProject
Global
	GlobalSection(SolutionConfigurationPlatforms) = preSolution
		Debug|Any CPU = Debug|Any CPU
		Release|Any CPU = Release|Any CPU
	EndGlobalSection
	GlobalSection(ProjectConfigurationPlatforms) = postSolution
		{D1646637-F0C4-ACBB-C2A3-AA941EE37AFE}.Debug|Any CPU.ActiveCfg = Debug|Any CPU
		{D1646637-F0C4-ACBB-C2A3-AA941EE37AFE}.Debug|Any CPU.Build.0 = Debug|Any CPU
		{D1646637-F0C4-ACBB-C2A3-AA941EE37AFE}.Release|Any CPU.ActiveCfg = Release|Any CPU
		{D1646637-F0C4-ACBB-C2A3-AA941EE37AFE}.Release|Any CPU.Build.0 = Release|Any CPU
		{1B83691D-0211-9455-095C-17E5D4C80EB4}.Debug|Any CPU.ActiveCfg = Debug|Any CPU
		{1B83691D-0211-9455-095C-17E5D4C80EB4}.Debug|Any CPU.Build.0 = Debug|Any CPU
		{1B83691D-0211-9455-095C-17E5D4C80EB4}.Release|Any CPU.ActiveCfg = Release|Any CPU
		{1B83691D-0211-9455-095C-17E5D4C80EB4}.Release|Any CPU.Build.0 = Release|Any CPU
		{B96DC4B8-537E-1C17-D2B7-37B9FDEAB6AB}.Debug|Any CPU.ActiveCfg = Debug|Any CPU
		{B96DC4B8-537E-1C17-D2B7-37B9FDEAB6AB}.Debug|Any CPU.Build.0 = Debug|Any CPU
		{B96DC4B8-537E-1C17-D2B7-37B9FDEAB6AB}.Release|Any CPU.ActiveCfg = Release|Any CPU
		{B96DC4B8-537E-1C17-D2B7-37B9FDEAB6AB}.Release|Any CPU.Build.0 = Release|Any CPU
	EndGlobalSection
	GlobalSection(SolutionProperties) = preSolution
		HideSolutionNode = FALSE
	EndGlobalSection
EndGlobal
